
Microsoft Visual Studio Solution File, Format Version 12.00
# Visual Studio Version 17
VisualStudioVersion = 17.1.32414.318
MinimumVisualStudioVersion = 10.0.40219.1
Project("{9A19103F-16F7-4668-BE54-9A1E7A4F7556}") = "SwissTransport", "src\SwissTransport\SwissTransport.csproj", "{D0262178-A48F-4DE0-807B-E76B63E39421}"
EndProject
Project("{9A19103F-16F7-4668-BE54-9A1E7A4F7556}") = "SiwssTransportUI", "SiwssTransportUI\SiwssTransportUI.csproj", "{624F85DC-6F5E-4BB4-B1E9-2142D5A2838A}"
EndProject
Global
	GlobalSection(SolutionConfigurationPlatforms) = preSolution
		Debug|Any CPU = Debug|Any CPU
		Release|Any CPU = Release|Any CPU
	EndGlobalSection
	GlobalSection(ProjectConfigurationPlatforms) = postSolution
		{D0262178-A48F-4DE0-807B-E76B63E39421}.Debug|Any CPU.ActiveCfg = Debug|Any CPU
		{D0262178-A48F-4DE0-807B-E76B63E39421}.Debug|Any CPU.Build.0 = Debug|Any CPU
		{D0262178-A48F-4DE0-807B-E76B63E39421}.Release|Any CPU.ActiveCfg = Release|Any CPU
		{D0262178-A48F-4DE0-807B-E76B63E39421}.Release|Any CPU.Build.0 = Release|Any CPU
		{624F85DC-6F5E-4BB4-B1E9-2142D5A2838A}.Debug|Any CPU.ActiveCfg = Debug|Any CPU
		{624F85DC-6F5E-4BB4-B1E9-2142D5A2838A}.Debug|Any CPU.Build.0 = Debug|Any CPU
		{624F85DC-6F5E-4BB4-B1E9-2142D5A2838A}.Release|Any CPU.ActiveCfg = Release|Any CPU
		{624F85DC-6F5E-4BB4-B1E9-2142D5A2838A}.Release|Any CPU.Build.0 = Release|Any CPU
	EndGlobalSection
	GlobalSection(SolutionProperties) = preSolution
		HideSolutionNode = FALSE
	EndGlobalSection
	GlobalSection(ExtensibilityGlobals) = postSolution
		SolutionGuid = {EF8A42CF-8671-40AE-AC65-4D5F6938FB25}
	EndGlobalSection
EndGlobal
